
Microsoft Visual Studio Solution File, Format Version 12.00
# Visual Studio 15
VisualStudioVersion = 15.0.28307.1209
MinimumVisualStudioVersion = 10.0.40219.1
Project("{FAE04EC0-301F-11D3-BF4B-00C04F79EFBC}") = "Tema1-Zadacha", "Tema1-Zadacha\Tema1-Zadacha.csproj", "{37E2B830-9360-4F1D-B098-AF7A3B0D344C}"
EndProject
Global
	GlobalSection(SolutionConfigurationPlatforms) = preSolution
		Debug|Any CPU = Debug|Any CPU
		Release|Any CPU = Release|Any CPU
	EndGlobalSection
	GlobalSection(ProjectConfigurationPlatforms) = postSolution
		{37E2B830-9360-4F1D-B098-AF7A3B0D344C}.Debug|Any CPU.ActiveCfg = Debug|Any CPU
		{37E2B830-9360-4F1D-B098-AF7A3B0D344C}.Debug|Any CPU.Build.0 = Debug|Any CPU
		{37E2B830-9360-4F1D-B098-AF7A3B0D344C}.Release|Any CPU.ActiveCfg = Release|Any CPU
		{37E2B830-9360-4F1D-B098-AF7A3B0D344C}.Release|Any CPU.Build.0 = Release|Any CPU
	EndGlobalSection
	GlobalSection(SolutionProperties) = preSolution
		HideSolutionNode = FALSE
	EndGlobalSection
	GlobalSection(ExtensibilityGlobals) = postSolution
		SolutionGuid = {21EACB08-0B22-4CDF-8859-FEBDAB84CABA}
	EndGlobalSection
EndGlobal
